#MicroXplorer Configuration settings - do not modify
BOOTPATH.BootPathName=LEGACY
BOOTPATH.IPParameters=BootPathName
BOOTPATH.UserSelectedBootPath=LEGACY
BSP_IP_NAME=NUCLEO-H503RB
CAD.formats=
CAD.pinconfig=
CAD.provider=
File.Version=6
GPIO.groupedBy=
I2C1.IPParameters=Timing
I2C1.Timing=0x10707DBC
I2C2.IPParameters=Timing
I2C2.Timing=0x10707DBC
KeepUserPlacement=false
MMTAppRegionsCount=0
MMTConfigApplied=false
Mcu.CPN=STM32H503RBT6
Mcu.Family=STM32H5
Mcu.IP0=BOOTPATH
Mcu.IP1=CORTEX_M33_NS
Mcu.IP10=RCC
Mcu.IP11=SYS
Mcu.IP12=USART2
Mcu.IP2=I2C1
Mcu.IP3=I2C2
Mcu.IP4=ICACHE
Mcu.IP5=MEMORYMAP
Mcu.IP6=NUCLEO-H503RB
Mcu.IP7=NUCLEO-H503RB
Mcu.IP8=NVIC
Mcu.IP9=PWR
Mcu.IPNb=14
Mcu.Name=STM32H503RBTx
Mcu.Package=LQFP64
Mcu.Pin0=PC13
Mcu.Pin1=PA3
Mcu.Pin10=VP_ICACHE_VS_ICACHE
Mcu.Pin11=VP_PWR_VS_SECSignals
Mcu.Pin12=VP_PWR_VS_LPOM
Mcu.Pin13=VP_PWR_VS_DBSignals
Mcu.Pin14=VP_SYS_VS_Systick
Mcu.Pin15=VP_BOOTPATH_VS_BOOTPATH
Mcu.Pin16=VP_MEMORYMAP_VS_MEMORYMAP
Mcu.Pin17=VP_NUCLEO-H503RB_VS_BSP_COMMON
Mcu.Pin2=PA4
Mcu.Pin3=PA5
Mcu.Pin4=PB0
Mcu.Pin5=PB10
Mcu.Pin6=PB13
Mcu.Pin7=PC8
Mcu.Pin8=PC9
Mcu.Pin9=VP_CORTEX_M33_NS_VS_Hclk
Mcu.PinsNb=18
Mcu.ThirdPartyNb=0
Mcu.UserConstants=
Mcu.UserName=STM32H503RBTx
MxCube.Version=6.12.0
MxDb.Version=DB.6.0.120
NUCLEO-H503RB.BUTTON=1
NUCLEO-H503RB.Bsp_Common_DEMO=true
NUCLEO-H503RB.IPParameters=LD2,VCP,BUTTON,Bsp_Common_DEMO
NUCLEO-H503RB.LD2=true
NUCLEO-H503RB.VCP=true
NVIC.BusFault_IRQn=true\:0\:0\:false\:false\:true\:false\:false\:false
NVIC.DebugMonitor_IRQn=true\:0\:0\:false\:false\:true\:false\:false\:false
NVIC.EXTI13_IRQn=true\:0\:0\:false\:false\:true\:false\:true\:true
NVIC.ForceEnableDMAVector=true
NVIC.HardFault_IRQn=true\:0\:0\:false\:false\:true\:false\:false\:false
NVIC.MemoryManagement_IRQn=true\:0\:0\:false\:false\:true\:false\:false\:false
NVIC.NonMaskableInt_IRQn=true\:0\:0\:false\:false\:true\:false\:false\:false
NVIC.PendSV_IRQn=true\:0\:0\:false\:false\:true\:false\:false\:false
NVIC.PriorityGroup=NVIC_PRIORITYGROUP_4
NVIC.SVCall_IRQn=true\:0\:0\:false\:false\:true\:false\:false\:false
NVIC.SysTick_IRQn=true\:15\:0\:false\:false\:true\:false\:true\:false
NVIC.UsageFault_IRQn=true\:0\:0\:false\:false\:true\:false\:false\:false
PA3.Locked=true
PA3.Signal=USART3_RX
PA4.Locked=true
PA4.Signal=USART3_TX
PA5.Locked=true
PA5.Signal=GPIO_Output
PB0.GPIOParameters=GPIO_PuPd
PB0.GPIO_PuPd=GPIO_PULLUP
PB0.Mode=Half_duplex(single_wire_mode)
PB0.Signal=USART2_TX
PB10.GPIOParameters=GPIO_Pu
PB10.GPIO_Pu=GPIO_PULLUP
PB10.Mode=I2C
PB10.Signal=I2C2_SCL
PB13.GPIOParameters=GPIO_Pu
PB13.GPIO_Pu=GPIO_PULLUP
PB13.Mode=I2C
PB13.Signal=I2C2_SDA
PC13.Locked=true
PC13.Signal=GPXTI13
PC8.Mode=I2C
PC8.Signal=I2C1_SCL
PC9.Mode=I2C
PC9.Signal=I2C1_SDA
PinOutPanel.RotationAngle=0
ProjectManager.AskForMigrate=true
ProjectManager.BackupPrevious=false
ProjectManager.CompilerOptimize=6
ProjectManager.ComputerToolchain=false
ProjectManager.CoupleFile=true
ProjectManager.CustomerFirmwarePackage=
ProjectManager.DefaultFWLocation=true
ProjectManager.DeletePrevious=true
ProjectManager.DeviceId=STM32H503RBTx
ProjectManager.FirmwarePackage=STM32Cube FW_H5 V1.3.0
ProjectManager.FreePins=false
ProjectManager.HalAssertFull=false
ProjectManager.HeapSize=0x200
ProjectManager.KeepUserCode=true
ProjectManager.LastFirmware=true
ProjectManager.LibraryCopy=1
ProjectManager.MainLocation=Core/Src
ProjectManager.NoMain=false
ProjectManager.PreviousToolchain=
ProjectManager.ProjectBuild=false
ProjectManager.ProjectFileName=pixy2_dice_roller_h503rb.ioc
ProjectManager.ProjectName=pixy2_dice_roller_h503rb
ProjectManager.ProjectStructure=
ProjectManager.RegisterCallBack=
ProjectManager.StackSize=0x400
ProjectManager.TargetToolchain=STM32CubeIDE
ProjectManager.ToolChainLocation=
ProjectManager.UAScriptAfterPath=
ProjectManager.UAScriptBeforePath=
ProjectManager.UnderRoot=true
ProjectManager.functionlistsort=1-SystemClock_Config-RCC-false-HAL-false,2-MX_GPIO_Init-GPIO-false-HAL-true,3-MX_USART2_UART_Init-USART2-false-HAL-true,4-MX_ICACHE_Init-ICACHE-false-HAL-true,5-MX_I2C2_Init-I2C2-false-HAL-true,0-MX_CORTEX_M33_NS_Init-CORTEX_M33_NS-false-HAL-true,0-MX_PWR_Init-PWR-false-HAL-true,false-0--NUCLEO-H503RB-true-HAL-true
RCC.ADCFreq_Value=64000000
RCC.AHBFreq_Value=64000000
RCC.APB1Freq_Value=64000000
RCC.APB1TimFreq_Value=64000000
RCC.APB2Freq_Value=64000000
RCC.APB2TimFreq_Value=64000000
RCC.APB3Freq_Value=64000000
RCC.CKPERFreq_Value=64000000
RCC.CRSFreq_Value=48000000
RCC.CSI_VALUE=4000000
RCC.CortexFreq_Value=64000000
RCC.DACFreq_Value=32768
RCC.EPOD_VALUE=4000000
RCC.FCLKCortexFreq_Value=64000000
RCC.FDCANFreq_Value=24000000
RCC.FamilyName=M
RCC.HCLKFreq_Value=64000000
RCC.HSE_VALUE=24000000
RCC.HSI48_VALUE=48000000
RCC.HSIDiv=RCC_HSI_DIV1
RCC.HSI_VALUE=64000000
RCC.I2C1Freq_Value=64000000
RCC.I2C2Freq_Value=64000000
RCC.I3C1Freq_Value=64000000
RCC.I3C2Freq_Value=64000000
RCC.IPParameters=ADCFreq_Value,AHBFreq_Value,APB1Freq_Value,APB1TimFreq_Value,APB2Freq_Value,APB2TimFreq_Value,APB3Freq_Value,CKPERFreq_Value,CRSFreq_Value,CSI_VALUE,CortexFreq_Value,DACFreq_Value,EPOD_VALUE,FCLKCortexFreq_Value,FDCANFreq_Value,FamilyName,HCLKFreq_Value,HSE_VALUE,HSI48_VALUE,HSIDiv,HSI_VALUE,I2C1Freq_Value,I2C2Freq_Value,I3C1Freq_Value,I3C2Freq_Value,LPTIM1Freq_Value,LPTIM2Freq_Value,LPUART1Freq_Value,LSCOPinFreq_Value,LSE_VALUE,LSIRC_VALUE,MCO1PinFreq_Value,MCO2PinFreq_Value,PLL2PoutputFreq_Value,PLL2QoutputFreq_Value,PLL2RoutputFreq_Value,PLLN,PLLPoutputFreq_Value,PLLQoutputFreq_Value,PWRFreq_Value,RNGFreq_Value,SPI1Freq_Value,SPI2Freq_Value,SPI3Freq_Value,SYSCLKFreq_VALUE,USART1Freq_Value,USART2Freq_Value,USART3Freq_Value,USBFreq_Value,VCOInput2Freq_Value,VCOInputFreq_Value,VCOOutputFreq_Value,VCOPLL2OutputFreq_Value
RCC.LPTIM1Freq_Value=64000000
RCC.LPTIM2Freq_Value=64000000
RCC.LPUART1Freq_Value=64000000
RCC.LSCOPinFreq_Value=32000
RCC.LSE_VALUE=32768
RCC.LSIRC_VALUE=32000
RCC.MCO1PinFreq_Value=64000000
RCC.MCO2PinFreq_Value=64000000
RCC.PLL2PoutputFreq_Value=258000000
RCC.PLL2QoutputFreq_Value=258000000
RCC.PLL2RoutputFreq_Value=258000000
RCC.PLLN=32
RCC.PLLPoutputFreq_Value=64000000
RCC.PLLQoutputFreq_Value=64000000
RCC.PWRFreq_Value=64000000
RCC.RNGFreq_Value=48000000
RCC.SPI1Freq_Value=64000000
RCC.SPI2Freq_Value=64000000
RCC.SPI3Freq_Value=64000000
RCC.SYSCLKFreq_VALUE=64000000
RCC.USART1Freq_Value=64000000
RCC.USART2Freq_Value=64000000
RCC.USART3Freq_Value=64000000
RCC.USBFreq_Value=48000000
RCC.VCOInput2Freq_Value=4000000
RCC.VCOInputFreq_Value=4000000
RCC.VCOOutputFreq_Value=128000000
RCC.VCOPLL2OutputFreq_Value=516000000
SH.GPXTI13.0=GPIO_EXTI13
SH.GPXTI13.ConfNb=1
USART2.BaudRate=1000000
USART2.IPParameters=VirtualMode-Half_duplex(single_wire_mode),BaudRate
USART2.VirtualMode-Half_duplex(single_wire_mode)=VM_ASYNC
VP_BOOTPATH_VS_BOOTPATH.Mode=BP_Activate
VP_BOOTPATH_VS_BOOTPATH.Signal=BOOTPATH_VS_BOOTPATH
VP_CORTEX_M33_NS_VS_Hclk.Mode=Hclk_Mode
VP_CORTEX_M33_NS_VS_Hclk.Signal=CORTEX_M33_NS_VS_Hclk
VP_ICACHE_VS_ICACHE.Mode=DirectMappedCache
VP_ICACHE_VS_ICACHE.Signal=ICACHE_VS_ICACHE
VP_MEMORYMAP_VS_MEMORYMAP.Mode=CurAppReg
VP_MEMORYMAP_VS_MEMORYMAP.Signal=MEMORYMAP_VS_MEMORYMAP
VP_NUCLEO-H503RB_VS_BSP_COMMON.Mode=COMMON
VP_NUCLEO-H503RB_VS_BSP_COMMON.Signal=NUCLEO-H503RB_VS_BSP_COMMON
VP_PWR_VS_DBSignals.Mode=DisableDeadBatterySignals
VP_PWR_VS_DBSignals.Signal=PWR_VS_DBSignals
VP_PWR_VS_LPOM.Mode=PowerOptimisation
VP_PWR_VS_LPOM.Signal=PWR_VS_LPOM
VP_PWR_VS_SECSignals.Mode=Security/Privilege
VP_PWR_VS_SECSignals.Signal=PWR_VS_SECSignals
VP_SYS_VS_Systick.Mode=SysTick
VP_SYS_VS_Systick.Signal=SYS_VS_Systick
board=NUCLEO-H503RB
boardIOC=true
isbadioc=false
